// !$*UTF8*$!
{
	archiveVersion = 1;
	classes = {
	};
	objectVersion = 56;
	objects = {

/* Begin PBXBuildFile section */
		122E8C3F2C567AB000A71DBA /* AppDelegate.swift in Sources */ = {isa = PBXBuildFile; fileRef = 122E8C3E2C567AB000A71DBA /* AppDelegate.swift */; };
		122E8C412C567AB000A71DBA /* SceneDelegate.swift in Sources */ = {isa = PBXBuildFile; fileRef = 122E8C402C567AB000A71DBA /* SceneDelegate.swift */; };
		122E8C432C567AB000A71DBA /* StartPageViewController.swift in Sources */ = {isa = PBXBuildFile; fileRef = 122E8C422C567AB000A71DBA /* StartPageViewController.swift */; };
		122E8C482C567AB100A71DBA /* Assets.xcassets in Resources */ = {isa = PBXBuildFile; fileRef = 122E8C472C567AB100A71DBA /* Assets.xcassets */; };
		122E8C4B2C567AB100A71DBA /* LaunchScreen.storyboard in Resources */ = {isa = PBXBuildFile; fileRef = 122E8C492C567AB100A71DBA /* LaunchScreen.storyboard */; };
		122E8C532C5817B300A71DBA /* SignUpViewController.swift in Sources */ = {isa = PBXBuildFile; fileRef = 122E8C522C5817B300A71DBA /* SignUpViewController.swift */; };
		122E8C562C5ABE7100A71DBA /* BLTextField.swift in Sources */ = {isa = PBXBuildFile; fileRef = 122E8C552C5ABE7100A71DBA /* BLTextField.swift */; };
		122E8C582C5AC88C00A71DBA /* BLColor.swift in Sources */ = {isa = PBXBuildFile; fileRef = 122E8C572C5AC88C00A71DBA /* BLColor.swift */; };
		126F3A382C67838900ACF74C /* ItemBackgroudView.swift in Sources */ = {isa = PBXBuildFile; fileRef = 126F3A372C67838900ACF74C /* ItemBackgroudView.swift */; };
		126F3A3A2C67C9A100ACF74C /* CategoriesHeaderView.swift in Sources */ = {isa = PBXBuildFile; fileRef = 126F3A392C67C9A100ACF74C /* CategoriesHeaderView.swift */; };
		12FC93F92C5D73B7006B500A /* MenuViewController.swift in Sources */ = {isa = PBXBuildFile; fileRef = 12FC93F82C5D73B7006B500A /* MenuViewController.swift */; };
		12FC93FB2C5D752F006B500A /* CategoriesMenuView.swift in Sources */ = {isa = PBXBuildFile; fileRef = 12FC93FA2C5D752F006B500A /* CategoriesMenuView.swift */; };
		12FC93FD2C5F959B006B500A /* CategoryCollectionViewCell.swift in Sources */ = {isa = PBXBuildFile; fileRef = 12FC93FC2C5F959B006B500A /* CategoryCollectionViewCell.swift */; };
		12FC94012C5F9B99006B500A /* Category.swift in Sources */ = {isa = PBXBuildFile; fileRef = 12FC94002C5F9B99006B500A /* Category.swift */; };
		12FC94042C5FA0EB006B500A /* String+Utilities.swift in Sources */ = {isa = PBXBuildFile; fileRef = 12FC94032C5FA0EB006B500A /* String+Utilities.swift */; };
		12FC94092C5FB78D006B500A /* CategoryItem.swift in Sources */ = {isa = PBXBuildFile; fileRef = 12FC94082C5FB78D006B500A /* CategoryItem.swift */; };
		12FC940B2C5FB8BB006B500A /* CategoryItemCollectionCell.swift in Sources */ = {isa = PBXBuildFile; fileRef = 12FC940A2C5FB8BB006B500A /* CategoryItemCollectionCell.swift */; };
/* End PBXBuildFile section */

/* Begin PBXFileReference section */
		122E8C3B2C567AB000A71DBA /* BrewLand.app */ = {isa = PBXFileReference; explicitFileType = wrapper.application; includeInIndex = 0; path = BrewLand.app; sourceTree = BUILT_PRODUCTS_DIR; };
		122E8C3E2C567AB000A71DBA /* AppDelegate.swift */ = {isa = PBXFileReference; lastKnownFileType = sourcecode.swift; path = AppDelegate.swift; sourceTree = "<group>"; };
		122E8C402C567AB000A71DBA /* SceneDelegate.swift */ = {isa = PBXFileReference; lastKnownFileType = sourcecode.swift; path = SceneDelegate.swift; sourceTree = "<group>"; };
		122E8C422C567AB000A71DBA /* StartPageViewController.swift */ = {isa = PBXFileReference; lastKnownFileType = sourcecode.swift; path = StartPageViewController.swift; sourceTree = "<group>"; };
		122E8C472C567AB100A71DBA /* Assets.xcassets */ = {isa = PBXFileReference; lastKnownFileType = folder.assetcatalog; path = Assets.xcassets; sourceTree = "<group>"; };
		122E8C4A2C567AB100A71DBA /* Base */ = {isa = PBXFileReference; lastKnownFileType = file.storyboard; name = Base; path = Base.lproj/LaunchScreen.storyboard; sourceTree = "<group>"; };
		122E8C4C2C567AB100A71DBA /* Info.plist */ = {isa = PBXFileReference; lastKnownFileType = text.plist.xml; path = Info.plist; sourceTree = "<group>"; };
		122E8C522C5817B300A71DBA /* SignUpViewController.swift */ = {isa = PBXFileReference; lastKnownFileType = sourcecode.swift; path = SignUpViewController.swift; sourceTree = "<group>"; };
		122E8C552C5ABE7100A71DBA /* BLTextField.swift */ = {isa = PBXFileReference; lastKnownFileType = sourcecode.swift; path = BLTextField.swift; sourceTree = "<group>"; };
		122E8C572C5AC88C00A71DBA /* BLColor.swift */ = {isa = PBXFileReference; lastKnownFileType = sourcecode.swift; path = BLColor.swift; sourceTree = "<group>"; };
		126F3A372C67838900ACF74C /* ItemBackgroudView.swift */ = {isa = PBXFileReference; lastKnownFileType = sourcecode.swift; path = ItemBackgroudView.swift; sourceTree = "<group>"; };
		126F3A392C67C9A100ACF74C /* CategoriesHeaderView.swift */ = {isa = PBXFileReference; lastKnownFileType = sourcecode.swift; path = CategoriesHeaderView.swift; sourceTree = "<group>"; };
		12FC93F82C5D73B7006B500A /* MenuViewController.swift */ = {isa = PBXFileReference; lastKnownFileType = sourcecode.swift; path = MenuViewController.swift; sourceTree = "<group>"; };
		12FC93FA2C5D752F006B500A /* CategoriesMenuView.swift */ = {isa = PBXFileReference; lastKnownFileType = sourcecode.swift; path = CategoriesMenuView.swift; sourceTree = "<group>"; };
		12FC93FC2C5F959B006B500A /* CategoryCollectionViewCell.swift */ = {isa = PBXFileReference; lastKnownFileType = sourcecode.swift; path = CategoryCollectionViewCell.swift; sourceTree = "<group>"; };
		12FC94002C5F9B99006B500A /* Category.swift */ = {isa = PBXFileReference; lastKnownFileType = sourcecode.swift; path = Category.swift; sourceTree = "<group>"; };
		12FC94032C5FA0EB006B500A /* String+Utilities.swift */ = {isa = PBXFileReference; lastKnownFileType = sourcecode.swift; path = "String+Utilities.swift"; sourceTree = "<group>"; };
		12FC94082C5FB78D006B500A /* CategoryItem.swift */ = {isa = PBXFileReference; lastKnownFileType = sourcecode.swift; path = CategoryItem.swift; sourceTree = "<group>"; };
		12FC940A2C5FB8BB006B500A /* CategoryItemCollectionCell.swift */ = {isa = PBXFileReference; lastKnownFileType = sourcecode.swift; path = CategoryItemCollectionCell.swift; sourceTree = "<group>"; };
/* End PBXFileReference section */

/* Begin PBXFrameworksBuildPhase section */
		122E8C382C567AB000A71DBA /* Frameworks */ = {
			isa = PBXFrameworksBuildPhase;
			buildActionMask = 2147483647;
			files = (
			);
			runOnlyForDeploymentPostprocessing = 0;
		};
/* End PBXFrameworksBuildPhase section */

/* Begin PBXGroup section */
		122E8C322C567AB000A71DBA = {
			isa = PBXGroup;
			children = (
				122E8C3D2C567AB000A71DBA /* BrewLand */,
				122E8C3C2C567AB000A71DBA /* Products */,
			);
			sourceTree = "<group>";
		};
		122E8C3C2C567AB000A71DBA /* Products */ = {
			isa = PBXGroup;
			children = (
				122E8C3B2C567AB000A71DBA /* BrewLand.app */,
			);
			name = Products;
			sourceTree = "<group>";
		};
		122E8C3D2C567AB000A71DBA /* BrewLand */ = {
			isa = PBXGroup;
			children = (
				12FC94022C5FA0A0006B500A /* Extensions */,
				12FC93FF2C5F9B8A006B500A /* Model */,
				122E8C542C5ABE5800A71DBA /* Views */,
				122E8C3E2C567AB000A71DBA /* AppDelegate.swift */,
				122E8C402C567AB000A71DBA /* SceneDelegate.swift */,
				122E8C422C567AB000A71DBA /* StartPageViewController.swift */,
				122E8C472C567AB100A71DBA /* Assets.xcassets */,
				122E8C492C567AB100A71DBA /* LaunchScreen.storyboard */,
				122E8C4C2C567AB100A71DBA /* Info.plist */,
				122E8C522C5817B300A71DBA /* SignUpViewController.swift */,
				122E8C572C5AC88C00A71DBA /* BLColor.swift */,
				12FC93F82C5D73B7006B500A /* MenuViewController.swift */,
				12FC93FE2C5F95A9006B500A /* Categories */,
				12FC94052C5FB6A8006B500A /* Category */,
			);
			path = BrewLand;
			sourceTree = "<group>";
		};
		122E8C542C5ABE5800A71DBA /* Views */ = {
			isa = PBXGroup;
			children = (
				122E8C552C5ABE7100A71DBA /* BLTextField.swift */,
			);
			path = Views;
			sourceTree = "<group>";
		};
		12FC93FE2C5F95A9006B500A /* Categories */ = {
			isa = PBXGroup;
			children = (
				12FC93FA2C5D752F006B500A /* CategoriesMenuView.swift */,
				12FC93FC2C5F959B006B500A /* CategoryCollectionViewCell.swift */,
				126F3A392C67C9A100ACF74C /* CategoriesHeaderView.swift */,
			);
			path = Categories;
			sourceTree = "<group>";
		};
		12FC93FF2C5F9B8A006B500A /* Model */ = {
			isa = PBXGroup;
			children = (
				12FC94002C5F9B99006B500A /* Category.swift */,
				12FC94082C5FB78D006B500A /* CategoryItem.swift */,
			);
			path = Model;
			sourceTree = "<group>";
		};
		12FC94022C5FA0A0006B500A /* Extensions */ = {
			isa = PBXGroup;
			children = (
				12FC94032C5FA0EB006B500A /* String+Utilities.swift */,
			);
			path = Extensions;
			sourceTree = "<group>";
		};
		12FC94052C5FB6A8006B500A /* Category */ = {
			isa = PBXGroup;
			children = (
				12FC940A2C5FB8BB006B500A /* CategoryItemCollectionCell.swift */,
				126F3A372C67838900ACF74C /* ItemBackgroudView.swift */,
			);
			path = Category;
			sourceTree = "<group>";
		};
/* End PBXGroup section */

/* Begin PBXNativeTarget section */
		122E8C3A2C567AB000A71DBA /* BrewLand */ = {
			isa = PBXNativeTarget;
			buildConfigurationList = 122E8C4F2C567AB100A71DBA /* Build configuration list for PBXNativeTarget "BrewLand" */;
			buildPhases = (
				122E8C372C567AB000A71DBA /* Sources */,
				122E8C382C567AB000A71DBA /* Frameworks */,
				122E8C392C567AB000A71DBA /* Resources */,
			);
			buildRules = (
			);
			dependencies = (
			);
			name = BrewLand;
			productName = BrewLand;
			productReference = 122E8C3B2C567AB000A71DBA /* BrewLand.app */;
			productType = "com.apple.product-type.application";
		};
/* End PBXNativeTarget section */

/* Begin PBXProject section */
		122E8C332C567AB000A71DBA /* Project object */ = {
			isa = PBXProject;
			attributes = {
				BuildIndependentTargetsInParallel = 1;
				LastSwiftUpdateCheck = 1510;
				LastUpgradeCheck = 1510;
				TargetAttributes = {
					122E8C3A2C567AB000A71DBA = {
						CreatedOnToolsVersion = 15.1;
					};
				};
			};
			buildConfigurationList = 122E8C362C567AB000A71DBA /* Build configuration list for PBXProject "BrewLand" */;
			compatibilityVersion = "Xcode 14.0";
			developmentRegion = en;
			hasScannedForEncodings = 0;
			knownRegions = (
				en,
				Base,
			);
			mainGroup = 122E8C322C567AB000A71DBA;
			productRefGroup = 122E8C3C2C567AB000A71DBA /* Products */;
			projectDirPath = "";
			projectRoot = "";
			targets = (
				122E8C3A2C567AB000A71DBA /* BrewLand */,
			);
		};
/* End PBXProject section */

/* Begin PBXResourcesBuildPhase section */
		122E8C392C567AB000A71DBA /* Resources */ = {
			isa = PBXResourcesBuildPhase;
			buildActionMask = 2147483647;
			files = (
				122E8C4B2C567AB100A71DBA /* LaunchScreen.storyboard in Resources */,
				122E8C482C567AB100A71DBA /* Assets.xcassets in Resources */,
			);
			runOnlyForDeploymentPostprocessing = 0;
		};
/* End PBXResourcesBuildPhase section */

/* Begin PBXSourcesBuildPhase section */
		122E8C372C567AB000A71DBA /* Sources */ = {
			isa = PBXSourcesBuildPhase;
			buildActionMask = 2147483647;
			files = (
				122E8C432C567AB000A71DBA /* StartPageViewController.swift in Sources */,
				12FC94012C5F9B99006B500A /* Category.swift in Sources */,
				12FC93FB2C5D752F006B500A /* CategoriesMenuView.swift in Sources */,
				122E8C582C5AC88C00A71DBA /* BLColor.swift in Sources */,
				122E8C3F2C567AB000A71DBA /* AppDelegate.swift in Sources */,
				12FC940B2C5FB8BB006B500A /* CategoryItemCollectionCell.swift in Sources */,
				12FC94042C5FA0EB006B500A /* String+Utilities.swift in Sources */,
				12FC93FD2C5F959B006B500A /* CategoryCollectionViewCell.swift in Sources */,
				12FC94092C5FB78D006B500A /* CategoryItem.swift in Sources */,
				12FC93F92C5D73B7006B500A /* MenuViewController.swift in Sources */,
				126F3A382C67838900ACF74C /* ItemBackgroudView.swift in Sources */,
				126F3A3A2C67C9A100ACF74C /* CategoriesHeaderView.swift in Sources */,
				122E8C532C5817B300A71DBA /* SignUpViewController.swift in Sources */,
				122E8C562C5ABE7100A71DBA /* BLTextField.swift in Sources */,
				122E8C412C567AB000A71DBA /* SceneDelegate.swift in Sources */,
			);
			runOnlyForDeploymentPostprocessing = 0;
		};
/* End PBXSourcesBuildPhase section */

/* Begin PBXVariantGroup section */
		122E8C492C567AB100A71DBA /* LaunchScreen.storyboard */ = {
			isa = PBXVariantGroup;
			children = (
				122E8C4A2C567AB100A71DBA /* Base */,
			);
			name = LaunchScreen.storyboard;
			sourceTree = "<group>";
		};
/* End PBXVariantGroup section */

/* Begin XCBuildConfiguration section */
		122E8C4D2C567AB100A71DBA /* Debug */ = {
			isa = XCBuildConfiguration;
			buildSettings = {
				ALWAYS_SEARCH_USER_PATHS = NO;
				ASSETCATALOG_COMPILER_GENERATE_SWIFT_ASSET_SYMBOL_EXTENSIONS = YES;
				CLANG_ANALYZER_NONNULL = YES;
				CLANG_ANALYZER_NUMBER_OBJECT_CONVERSION = YES_AGGRESSIVE;
				CLANG_CXX_LANGUAGE_STANDARD = "gnu++20";
				CLANG_ENABLE_MODULES = YES;
				CLANG_ENABLE_OBJC_ARC = YES;
				CLANG_ENABLE_OBJC_WEAK = YES;
				CLANG_WARN_BLOCK_CAPTURE_AUTORELEASING = YES;
				CLANG_WARN_BOOL_CONVERSION = YES;
				CLANG_WARN_COMMA = YES;
				CLANG_WARN_CONSTANT_CONVERSION = YES;
				CLANG_WARN_DEPRECATED_OBJC_IMPLEMENTATIONS = YES;
				CLANG_WARN_DIRECT_OBJC_ISA_USAGE = YES_ERROR;
				CLANG_WARN_DOCUMENTATION_COMMENTS = YES;
				CLANG_WARN_EMPTY_BODY = YES;
				CLANG_WARN_ENUM_CONVERSION = YES;
				CLANG_WARN_INFINITE_RECURSION = YES;
				CLANG_WARN_INT_CONVERSION = YES;
				CLANG_WARN_NON_LITERAL_NULL_CONVERSION = YES;
				CLANG_WARN_OBJC_IMPLICIT_RETAIN_SELF = YES;
				CLANG_WARN_OBJC_LITERAL_CONVERSION = YES;
				CLANG_WARN_OBJC_ROOT_CLASS = YES_ERROR;
				CLANG_WARN_QUOTED_INCLUDE_IN_FRAMEWORK_HEADER = YES;
				CLANG_WARN_RANGE_LOOP_ANALYSIS = YES;
				CLANG_WARN_STRICT_PROTOTYPES = YES;
				CLANG_WARN_SUSPICIOUS_MOVE = YES;
				CLANG_WARN_UNGUARDED_AVAILABILITY = YES_AGGRESSIVE;
				CLANG_WARN_UNREACHABLE_CODE = YES;
				CLANG_WARN__DUPLICATE_METHOD_MATCH = YES;
				COPY_PHASE_STRIP = NO;
				DEBUG_INFORMATION_FORMAT = dwarf;
				ENABLE_STRICT_OBJC_MSGSEND = YES;
				ENABLE_TESTABILITY = YES;
				ENABLE_USER_SCRIPT_SANDBOXING = YES;
				GCC_C_LANGUAGE_STANDARD = gnu17;
				GCC_DYNAMIC_NO_PIC = NO;
				GCC_NO_COMMON_BLOCKS = YES;
				GCC_OPTIMIZATION_LEVEL = 0;
				GCC_PREPROCESSOR_DEFINITIONS = (
					"DEBUG=1",
					"$(inherited)",
				);
				GCC_WARN_64_TO_32_BIT_CONVERSION = YES;
				GCC_WARN_ABOUT_RETURN_TYPE = YES_ERROR;
				GCC_WARN_UNDECLARED_SELECTOR = YES;
				GCC_WARN_UNINITIALIZED_AUTOS = YES_AGGRESSIVE;
				GCC_WARN_UNUSED_FUNCTION = YES;
				GCC_WARN_UNUSED_VARIABLE = YES;
				IPHONEOS_DEPLOYMENT_TARGET = 17.2;
				LOCALIZATION_PREFERS_STRING_CATALOGS = YES;
				MTL_ENABLE_DEBUG_INFO = INCLUDE_SOURCE;
				MTL_FAST_MATH = YES;
				ONLY_ACTIVE_ARCH = YES;
				SDKROOT = iphoneos;
				SWIFT_ACTIVE_COMPILATION_CONDITIONS = "DEBUG $(inherited)";
				SWIFT_OPTIMIZATION_LEVEL = "-Onone";
			};
			name = Debug;
		};
		122E8C4E2C567AB100A71DBA /* Release */ = {
			isa = XCBuildConfiguration;
			buildSettings = {
				ALWAYS_SEARCH_USER_PATHS = NO;
				ASSETCATALOG_COMPILER_GENERATE_SWIFT_ASSET_SYMBOL_EXTENSIONS = YES;
				CLANG_ANALYZER_NONNULL = YES;
				CLANG_ANALYZER_NUMBER_OBJECT_CONVERSION = YES_AGGRESSIVE;
				CLANG_CXX_LANGUAGE_STANDARD = "gnu++20";
				CLANG_ENABLE_MODULES = YES;
				CLANG_ENABLE_OBJC_ARC = YES;
				CLANG_ENABLE_OBJC_WEAK = YES;
				CLANG_WARN_BLOCK_CAPTURE_AUTORELEASING = YES;
				CLANG_WARN_BOOL_CONVERSION = YES;
				CLANG_WARN_COMMA = YES;
				CLANG_WARN_CONSTANT_CONVERSION = YES;
				CLANG_WARN_DEPRECATED_OBJC_IMPLEMENTATIONS = YES;
				CLANG_WARN_DIRECT_OBJC_ISA_USAGE = YES_ERROR;
				CLANG_WARN_DOCUMENTATION_COMMENTS = YES;
				CLANG_WARN_EMPTY_BODY = YES;
				CLANG_WARN_ENUM_CONVERSION = YES;
				CLANG_WARN_INFINITE_RECURSION = YES;
				CLANG_WARN_INT_CONVERSION = YES;
				CLANG_WARN_NON_LITERAL_NULL_CONVERSION = YES;
				CLANG_WARN_OBJC_IMPLICIT_RETAIN_SELF = YES;
				CLANG_WARN_OBJC_LITERAL_CONVERSION = YES;
				CLANG_WARN_OBJC_ROOT_CLASS = YES_ERROR;
				CLANG_WARN_QUOTED_INCLUDE_IN_FRAMEWORK_HEADER = YES;
				CLANG_WARN_RANGE_LOOP_ANALYSIS = YES;
				CLANG_WARN_STRICT_PROTOTYPES = YES;
				CLANG_WARN_SUSPICIOUS_MOVE = YES;
				CLANG_WARN_UNGUARDED_AVAILABILITY = YES_AGGRESSIVE;
				CLANG_WARN_UNREACHABLE_CODE = YES;
				CLANG_WARN__DUPLICATE_METHOD_MATCH = YES;
				COPY_PHASE_STRIP = NO;
				DEBUG_INFORMATION_FORMAT = "dwarf-with-dsym";
				ENABLE_NS_ASSERTIONS = NO;
				ENABLE_STRICT_OBJC_MSGSEND = YES;
				ENABLE_USER_SCRIPT_SANDBOXING = YES;
				GCC_C_LANGUAGE_STANDARD = gnu17;
				GCC_NO_COMMON_BLOCKS = YES;
				GCC_WARN_64_TO_32_BIT_CONVERSION = YES;
				GCC_WARN_ABOUT_RETURN_TYPE = YES_ERROR;
				GCC_WARN_UNDECLARED_SELECTOR = YES;
				GCC_WARN_UNINITIALIZED_AUTOS = YES_AGGRESSIVE;
				GCC_WARN_UNUSED_FUNCTION = YES;
				GCC_WARN_UNUSED_VARIABLE = YES;
				IPHONEOS_DEPLOYMENT_TARGET = 17.2;
				LOCALIZATION_PREFERS_STRING_CATALOGS = YES;
				MTL_ENABLE_DEBUG_INFO = NO;
				MTL_FAST_MATH = YES;
				SDKROOT = iphoneos;
				SWIFT_COMPILATION_MODE = wholemodule;
				VALIDATE_PRODUCT = YES;
			};
			name = Release;
		};
		122E8C502C567AB100A71DBA /* Debug */ = {
			isa = XCBuildConfiguration;
			buildSettings = {
				ASSETCATALOG_COMPILER_APPICON_NAME = AppIcon;
				ASSETCATALOG_COMPILER_GLOBAL_ACCENT_COLOR_NAME = AccentColor;
				CODE_SIGN_STYLE = Automatic;
				CURRENT_PROJECT_VERSION = 1;
				DEVELOPMENT_TEAM = 8G73TT8TCG;
				GENERATE_INFOPLIST_FILE = YES;
				INFOPLIST_FILE = BrewLand/Info.plist;
				INFOPLIST_KEY_UIApplicationSupportsIndirectInputEvents = YES;
				INFOPLIST_KEY_UILaunchStoryboardName = LaunchScreen;
				INFOPLIST_KEY_UIMainStoryboardFile = "";
				INFOPLIST_KEY_UISupportedInterfaceOrientations_iPad = "UIInterfaceOrientationPortrait UIInterfaceOrientationPortraitUpsideDown UIInterfaceOrientationLandscapeLeft UIInterfaceOrientationLandscapeRight";
				INFOPLIST_KEY_UISupportedInterfaceOrientations_iPhone = "UIInterfaceOrientationPortrait UIInterfaceOrientationLandscapeLeft UIInterfaceOrientationLandscapeRight";
				LD_RUNPATH_SEARCH_PATHS = (
					"$(inherited)",
					"@executable_path/Frameworks",
				);
				MARKETING_VERSION = 1.0;
				PRODUCT_BUNDLE_IDENTIFIER = com.BrewLand;
				PRODUCT_NAME = "$(TARGET_NAME)";
				SWIFT_EMIT_LOC_STRINGS = YES;
				SWIFT_VERSION = 5.0;
				TARGETED_DEVICE_FAMILY = "1,2";
			};
			name = Debug;
		};
		122E8C512C567AB100A71DBA /* Release */ = {
			isa = XCBuildConfiguration;
			buildSettings = {
				ASSETCATALOG_COMPILER_APPICON_NAME = AppIcon;
				ASSETCATALOG_COMPILER_GLOBAL_ACCENT_COLOR_NAME = AccentColor;
				CODE_SIGN_STYLE = Automatic;
				CURRENT_PROJECT_VERSION = 1;
				DEVELOPMENT_TEAM = 8G73TT8TCG;
				GENERATE_INFOPLIST_FILE = YES;
				INFOPLIST_FILE = BrewLand/Info.plist;
				INFOPLIST_KEY_UIApplicationSupportsIndirectInputEvents = YES;
				INFOPLIST_KEY_UILaunchStoryboardName = LaunchScreen;
				INFOPLIST_KEY_UIMainStoryboardFile = "";
				INFOPLIST_KEY_UISupportedInterfaceOrientations_iPad = "UIInterfaceOrientationPortrait UIInterfaceOrientationPortraitUpsideDown UIInterfaceOrientationLandscapeLeft UIInterfaceOrientationLandscapeRight";
				INFOPLIST_KEY_UISupportedInterfaceOrientations_iPhone = "UIInterfaceOrientationPortrait UIInterfaceOrientationLandscapeLeft UIInterfaceOrientationLandscapeRight";
				LD_RUNPATH_SEARCH_PATHS = (
					"$(inherited)",
					"@executable_path/Frameworks",
				);
				MARKETING_VERSION = 1.0;
				PRODUCT_BUNDLE_IDENTIFIER = com.BrewLand;
				PRODUCT_NAME = "$(TARGET_NAME)";
				SWIFT_EMIT_LOC_STRINGS = YES;
				SWIFT_VERSION = 5.0;
				TARGETED_DEVICE_FAMILY = "1,2";
			};
			name = Release;
		};
/* End XCBuildConfiguration section */

/* Begin XCConfigurationList section */
		122E8C362C567AB000A71DBA /* Build configuration list for PBXProject "BrewLand" */ = {
			isa = XCConfigurationList;
			buildConfigurations = (
				122E8C4D2C567AB100A71DBA /* Debug */,
				122E8C4E2C567AB100A71DBA /* Release */,
			);
			defaultConfigurationIsVisible = 0;
			defaultConfigurationName = Release;
		};
		122E8C4F2C567AB100A71DBA /* Build configuration list for PBXNativeTarget "BrewLand" */ = {
			isa = XCConfigurationList;
			buildConfigurations = (
				122E8C502C567AB100A71DBA /* Debug */,
				122E8C512C567AB100A71DBA /* Release */,
			);
			defaultConfigurationIsVisible = 0;
			defaultConfigurationName = Release;
		};
/* End XCConfigurationList section */
	};
	rootObject = 122E8C332C567AB000A71DBA /* Project object */;
}
